
Microsoft Visual Studio Solution File, Format Version 12.00
# Visual Studio Version 16
VisualStudioVersion = 16.0.29519.87
MinimumVisualStudioVersion = 10.0.40219.1
Project("{9A19103F-16F7-4668-BE54-9A1E7A4F7556}") = "fase2", "fase2\fase2.csproj", "{E8D7E5BE-F526-4B8D-BDCF-F4923263536C}"
EndProject
Global
	GlobalSection(SolutionConfigurationPlatforms) = preSolution
		Debug|Any CPU = Debug|Any CPU
		Release|Any CPU = Release|Any CPU
	EndGlobalSection
	GlobalSection(ProjectConfigurationPlatforms) = postSolution
		{E8D7E5BE-F526-4B8D-BDCF-F4923263536C}.Debug|Any CPU.ActiveCfg = Debug|Any CPU
		{E8D7E5BE-F526-4B8D-BDCF-F4923263536C}.Debug|Any CPU.Build.0 = Debug|Any CPU
		{E8D7E5BE-F526-4B8D-BDCF-F4923263536C}.Release|Any CPU.ActiveCfg = Release|Any CPU
		{E8D7E5BE-F526-4B8D-BDCF-F4923263536C}.Release|Any CPU.Build.0 = Release|Any CPU
	EndGlobalSection
	GlobalSection(SolutionProperties) = preSolution
		HideSolutionNode = FALSE
	EndGlobalSection
	GlobalSection(ExtensibilityGlobals) = postSolution
		SolutionGuid = {399B7996-2D30-4CD1-B73A-C169F0D42264}
	EndGlobalSection
EndGlobal
