
Microsoft Visual Studio Solution File, Format Version 12.00
# Visual Studio Version 16
VisualStudioVersion = 16.0.29613.14
MinimumVisualStudioVersion = 10.0.40219.1
Project("{FAE04EC0-301F-11D3-BF4B-00C04F79EFBC}") = "ConsoleApp3_fase_3B", "ConsoleApp3_fase_3B\ConsoleApp3_fase_3B.csproj", "{37205EF9-A39B-4923-BE68-51E446F81F63}"
EndProject
Global
	GlobalSection(SolutionConfigurationPlatforms) = preSolution
		Debug|Any CPU = Debug|Any CPU
		Release|Any CPU = Release|Any CPU
	EndGlobalSection
	GlobalSection(ProjectConfigurationPlatforms) = postSolution
		{37205EF9-A39B-4923-BE68-51E446F81F63}.Debug|Any CPU.ActiveCfg = Debug|Any CPU
		{37205EF9-A39B-4923-BE68-51E446F81F63}.Debug|Any CPU.Build.0 = Debug|Any CPU
		{37205EF9-A39B-4923-BE68-51E446F81F63}.Release|Any CPU.ActiveCfg = Release|Any CPU
		{37205EF9-A39B-4923-BE68-51E446F81F63}.Release|Any CPU.Build.0 = Release|Any CPU
	EndGlobalSection
	GlobalSection(SolutionProperties) = preSolution
		HideSolutionNode = FALSE
	EndGlobalSection
	GlobalSection(ExtensibilityGlobals) = postSolution
		SolutionGuid = {6CD20EC1-1CF0-41A4-9E94-82EC11545CC2}
	EndGlobalSection
EndGlobal
